
Microsoft Visual Studio Solution File, Format Version 12.00
# Visual Studio Version 16
VisualStudioVersion = 16.0.29319.158
MinimumVisualStudioVersion = 10.0.40219.1
Project("{9A19103F-16F7-4668-BE54-9A1E7A4F7556}") = "AnagramChecker", "AnagramChecker\AnagramChecker.csproj", "{275476C3-47E3-47DE-86B2-3EB69A7A097A}"
EndProject
Project("{9A19103F-16F7-4668-BE54-9A1E7A4F7556}") = "AnagramCheckerAPI", "AnagramCheckerAPI\AnagramCheckerAPI.csproj", "{41808439-DB8E-4BE0-A548-2B033C2411F2}"
EndProject
Project("{FAE04EC0-301F-11D3-BF4B-00C04F79EFBC}") = "AnagramCheckerClassLibrary", "AnagramCheckerClassLibrary2\AnagramCheckerClassLibrary.csproj", "{1BCDF609-1124-44F0-813D-AFEC7B31DE06}"
EndProject
Global
	GlobalSection(SolutionConfigurationPlatforms) = preSolution
		Debug|Any CPU = Debug|Any CPU
		Release|Any CPU = Release|Any CPU
	EndGlobalSection
	GlobalSection(ProjectConfigurationPlatforms) = postSolution
		{275476C3-47E3-47DE-86B2-3EB69A7A097A}.Debug|Any CPU.ActiveCfg = Debug|Any CPU
		{275476C3-47E3-47DE-86B2-3EB69A7A097A}.Debug|Any CPU.Build.0 = Debug|Any CPU
		{275476C3-47E3-47DE-86B2-3EB69A7A097A}.Release|Any CPU.ActiveCfg = Release|Any CPU
		{275476C3-47E3-47DE-86B2-3EB69A7A097A}.Release|Any CPU.Build.0 = Release|Any CPU
		{41808439-DB8E-4BE0-A548-2B033C2411F2}.Debug|Any CPU.ActiveCfg = Debug|Any CPU
		{41808439-DB8E-4BE0-A548-2B033C2411F2}.Debug|Any CPU.Build.0 = Debug|Any CPU
		{41808439-DB8E-4BE0-A548-2B033C2411F2}.Release|Any CPU.ActiveCfg = Release|Any CPU
		{41808439-DB8E-4BE0-A548-2B033C2411F2}.Release|Any CPU.Build.0 = Release|Any CPU
		{1BCDF609-1124-44F0-813D-AFEC7B31DE06}.Debug|Any CPU.ActiveCfg = Debug|Any CPU
		{1BCDF609-1124-44F0-813D-AFEC7B31DE06}.Debug|Any CPU.Build.0 = Debug|Any CPU
		{1BCDF609-1124-44F0-813D-AFEC7B31DE06}.Release|Any CPU.ActiveCfg = Release|Any CPU
		{1BCDF609-1124-44F0-813D-AFEC7B31DE06}.Release|Any CPU.Build.0 = Release|Any CPU
	EndGlobalSection
	GlobalSection(SolutionProperties) = preSolution
		HideSolutionNode = FALSE
	EndGlobalSection
	GlobalSection(ExtensibilityGlobals) = postSolution
		SolutionGuid = {61C5C619-6499-43A5-A793-D147083CCF05}
	EndGlobalSection
EndGlobal
